
Microsoft Visual Studio Solution File, Format Version 12.00
# Visual Studio Version 17
VisualStudioVersion = 17.8.34330.188
MinimumVisualStudioVersion = 10.0.40219.1
Project("{F184B08F-C81C-45F6-A57F-5ABD9991F28F}") = "Detective management system", "Detective management system\Detective management system.vbproj", "{62AA92E8-B4FC-4498-BEC0-9C99A54AC7FF}"
EndProject
Global
	GlobalSection(SolutionConfigurationPlatforms) = preSolution
		Debug|Any CPU = Debug|Any CPU
		Release|Any CPU = Release|Any CPU
	EndGlobalSection
	GlobalSection(ProjectConfigurationPlatforms) = postSolution
		{62AA92E8-B4FC-4498-BEC0-9C99A54AC7FF}.Debug|Any CPU.ActiveCfg = Debug|Any CPU
		{62AA92E8-B4FC-4498-BEC0-9C99A54AC7FF}.Debug|Any CPU.Build.0 = Debug|Any CPU
		{62AA92E8-B4FC-4498-BEC0-9C99A54AC7FF}.Release|Any CPU.ActiveCfg = Release|Any CPU
		{62AA92E8-B4FC-4498-BEC0-9C99A54AC7FF}.Release|Any CPU.Build.0 = Release|Any CPU
	EndGlobalSection
	GlobalSection(SolutionProperties) = preSolution
		HideSolutionNode = FALSE
	EndGlobalSection
	GlobalSection(ExtensibilityGlobals) = postSolution
		SolutionGuid = {7548E6DA-723B-43E5-8E83-F118EBB73465}
	EndGlobalSection
EndGlobal
